PODS:
  - Alamofire (3.4.0)
  - DKImagePickerController (3.2.0):
    - DKImagePickerController/Camera (= 3.2.0)
    - DKImagePickerController/ImageManager (= 3.2.0)
  - DKImagePickerController/Camera (3.2.0)
  - DKImagePickerController/ImageManager (3.2.0)
  - KTCenterFlowLayout (1.2)
  - Locksmith (2.0.8)
  - ObjectMapper (1.3.0)
  - PKHUD (3.1.0)
  - SCLAlertView (0.5.6)
  - SwiftyJSON (2.3.2)

DEPENDENCIES:
  - Alamofire (~> 3.0)
  - DKImagePickerController
  - KTCenterFlowLayout
  - Locksmith
  - ObjectMapper
  - PKHUD
  - SCLAlertView
  - SwiftyJSON

SPEC CHECKSUMS:
  Alamofire: c19a627cefd6a95f840401c49ab1f124e07f54ee
  DKImagePickerController: fe26175578a740283320c392e950532abc6db3ea
  KTCenterFlowLayout: 4dcbc3449df83a101ef5e8cf48d82faa208a3b93
  Locksmith: a8ed41ac4c06506ea8cb199d8ec8a8d3d108eb2a
  ObjectMapper: 4eb08a726e9791a93b2632049951b56a7c17e471
  PKHUD: 4167eccdb1b3a892fd80ce2b51cb6ba412a889ab
  SCLAlertView: c2b916952520d96cf5e886a38053f1b8c3da502e
  SwiftyJSON: 04ccea08915aa0109039157c7974cf0298da292a

COCOAPODS: 0.39.0
