// !$*UTF8*$!
{
	archiveVersion = 1;
	classes = {
	};
	objectVersion = 46;
	objects = {

/* Begin PBXBuildFile section */
		30AA73DC1C84E13200CD05F2 /* JamJarTabBarController.swift in Sources */ = {isa = PBXBuildFile; fileRef = 30AA73DB1C84E13200CD05F2 /* JamJarTabBarController.swift */; };
		30AA73DF1C85091F00CD05F2 /* UITextField.swift in Sources */ = {isa = PBXBuildFile; fileRef = 30AA73DE1C85091F00CD05F2 /* UITextField.swift */; };
		30AA73EA1C8613F900CD05F2 /* ArtistChipView.swift in Sources */ = {isa = PBXBuildFile; fileRef = 30AA73E91C8613F900CD05F2 /* ArtistChipView.swift */; };
		30AD45531C9521ED00F999E7 /* ConcertPage.storyboard in Resources */ = {isa = PBXBuildFile; fileRef = 30AD45521C9521ED00F999E7 /* ConcertPage.storyboard */; };
		30AD45561C95222C00F999E7 /* ConcertPageViewController.swift in Sources */ = {isa = PBXBuildFile; fileRef = 30AD45551C95222C00F999E7 /* ConcertPageViewController.swift */; };
		30AD45581C95223B00F999E7 /* VideoCell.swift in Sources */ = {isa = PBXBuildFile; fileRef = 30AD45571C95223B00F999E7 /* VideoCell.swift */; };
		30AD455A1C9522D300F999E7 /* VideoCell.xib in Resources */ = {isa = PBXBuildFile; fileRef = 30AD45591C9522D300F999E7 /* VideoCell.xib */; };
		30AD455C1C95230200F999E7 /* ConcertCell.xib in Resources */ = {isa = PBXBuildFile; fileRef = 30AD455B1C95230200F999E7 /* ConcertCell.xib */; };
		30EE7A041C8F4B5B00293685 /* Comfortaa-Bold.ttf in Resources */ = {isa = PBXBuildFile; fileRef = AA0F204D1C5190720099665E /* Comfortaa-Bold.ttf */; };
		30EE7A051C8F4B5B00293685 /* Comfortaa-Light.ttf in Resources */ = {isa = PBXBuildFile; fileRef = AA0F204E1C5190720099665E /* Comfortaa-Light.ttf */; };
		30EE7A061C8F4B5B00293685 /* Comfortaa-Regular.ttf in Resources */ = {isa = PBXBuildFile; fileRef = AA0F204F1C5190720099665E /* Comfortaa-Regular.ttf */; };
		30EE7A071C8F4B5B00293685 /* Muli-Italic.ttf in Resources */ = {isa = PBXBuildFile; fileRef = AA0F20501C5190720099665E /* Muli-Italic.ttf */; };
		30EE7A081C8F4B5B00293685 /* Muli-Light.ttf in Resources */ = {isa = PBXBuildFile; fileRef = AA0F20511C5190720099665E /* Muli-Light.ttf */; };
		30EE7A091C8F4B5B00293685 /* Muli-LightItalic.ttf in Resources */ = {isa = PBXBuildFile; fileRef = AA0F20521C5190720099665E /* Muli-LightItalic.ttf */; };
		30EE7A0A1C8F4B5B00293685 /* Muli-Regular.ttf in Resources */ = {isa = PBXBuildFile; fileRef = AA0F20531C5190720099665E /* Muli-Regular.ttf */; };
		30EE7A0C1C9135B600293685 /* DiscoverViewController.swift in Sources */ = {isa = PBXBuildFile; fileRef = 30EE7A0B1C9135B600293685 /* DiscoverViewController.swift */; };
		30EE7A0F1C913D6900293685 /* ConcertCell.swift in Sources */ = {isa = PBXBuildFile; fileRef = 30EE7A0E1C913D6900293685 /* ConcertCell.swift */; };
		30EE7A111C914A5400293685 /* Transforms.swift in Sources */ = {isa = PBXBuildFile; fileRef = 30EE7A101C914A5400293685 /* Transforms.swift */; };
		30EE7A131C91554E00293685 /* Date.swift in Sources */ = {isa = PBXBuildFile; fileRef = 30EE7A121C91554E00293685 /* Date.swift */; };
		30EE7A151C91606D00293685 /* Colors.swift in Sources */ = {isa = PBXBuildFile; fileRef = 30EE7A141C91606D00293685 /* Colors.swift */; };
		30F8E6B81C8E187400A65D99 /* UIImageView.swift in Sources */ = {isa = PBXBuildFile; fileRef = 30F8E6B71C8E187400A65D99 /* UIImageView.swift */; };
		30F929B01C7CD7CE00B3DF2C /* AuthenticationService.swift in Sources */ = {isa = PBXBuildFile; fileRef = 30F929AF1C7CD7CE00B3DF2C /* AuthenticationService.swift */; };
		A4A8E652FD43D88B1DE38D3F /* Pods.framework in Frameworks */ = {isa = PBXBuildFile; fileRef = 3FA380DFC6FFB8F40D408774 /* Pods.framework */; };
		AA05269E1C46EE9500894DC7 /* LoginViewController.swift in Sources */ = {isa = PBXBuildFile; fileRef = AA05269D1C46EE9500894DC7 /* LoginViewController.swift */; };
		AA0526A21C46F65500894DC7 /* SignUpViewController.swift in Sources */ = {isa = PBXBuildFile; fileRef = AA0526A11C46F65500894DC7 /* SignUpViewController.swift */; };
		AA0526A41C46F7A300894DC7 /* ForgetPasswordViewController.swift in Sources */ = {isa = PBXBuildFile; fileRef = AA0526A31C46F7A300894DC7 /* ForgetPasswordViewController.swift */; };
		AA0526A91C47187600894DC7 /* User.swift in Sources */ = {isa = PBXBuildFile; fileRef = AA0526A81C47187600894DC7 /* User.swift */; };
		AA1037EE1C87AC4E00DCB0B5 /* VenueService.swift in Sources */ = {isa = PBXBuildFile; fileRef = AA1037ED1C87AC4E00DCB0B5 /* VenueService.swift */; };
		AA1037F01C87E12C00DCB0B5 /* ArtistService.swift in Sources */ = {isa = PBXBuildFile; fileRef = AA1037EF1C87E12C00DCB0B5 /* ArtistService.swift */; };
		AA130FFC1C7641B600851AD4 /* AutoCompleteTextField.swift in Sources */ = {isa = PBXBuildFile; fileRef = AA130FFB1C7641B600851AD4 /* AutoCompleteTextField.swift */; };
		AA130FFE1C765B5100851AD4 /* Artist.swift in Sources */ = {isa = PBXBuildFile; fileRef = AA130FFD1C765B5100851AD4 /* Artist.swift */; };
		AA1310051C78F86500851AD4 /* Venue.swift in Sources */ = {isa = PBXBuildFile; fileRef = AA1310041C78F86500851AD4 /* Venue.swift */; };
		AA1310071C78FC3800851AD4 /* EnterConcertInformationController.swift in Sources */ = {isa = PBXBuildFile; fileRef = AA1310061C78FC3800851AD4 /* EnterConcertInformationController.swift */; };
		AA1310091C79012A00851AD4 /* UploadVideoViewController.swift in Sources */ = {isa = PBXBuildFile; fileRef = AA1310081C79012A00851AD4 /* UploadVideoViewController.swift */; };
		AA558CD01BE1D94000D591A8 /* Video.swift in Sources */ = {isa = PBXBuildFile; fileRef = AA558CCF1BE1D94000D591A8 /* Video.swift */; };
		AA6DE9621C6D086E007A64B7 /* Search.storyboard in Resources */ = {isa = PBXBuildFile; fileRef = AA6DE9611C6D086E007A64B7 /* Search.storyboard */; };
		AA6DE9661C6FA09C007A64B7 /* APIService.swift in Sources */ = {isa = PBXBuildFile; fileRef = AA6DE9651C6FA09C007A64B7 /* APIService.swift */; };
		AA6DE9681C6FA34C007A64B7 /* UserService.swift in Sources */ = {isa = PBXBuildFile; fileRef = AA6DE9671C6FA34C007A64B7 /* UserService.swift */; };
		AA6DE96B1C6FAB5D007A64B7 /* Settings.storyboard in Resources */ = {isa = PBXBuildFile; fileRef = AA6DE96A1C6FAB5D007A64B7 /* Settings.storyboard */; };
		AA6DE96D1C6FADF9007A64B7 /* SettingsViewController.swift in Sources */ = {isa = PBXBuildFile; fileRef = AA6DE96C1C6FADF9007A64B7 /* SettingsViewController.swift */; };
		AA6DE96F1C6FAFFB007A64B7 /* BaseViewController.swift in Sources */ = {isa = PBXBuildFile; fileRef = AA6DE96E1C6FAFFB007A64B7 /* BaseViewController.swift */; };
		AA6DE9731C6FD1C4007A64B7 /* UploadVideo.storyboard in Resources */ = {isa = PBXBuildFile; fileRef = AA6DE9721C6FD1C4007A64B7 /* UploadVideo.storyboard */; };
		AA6DE9751C6FD1D0007A64B7 /* Profile.storyboard in Resources */ = {isa = PBXBuildFile; fileRef = AA6DE9741C6FD1D0007A64B7 /* Profile.storyboard */; };
		AA6DE97B1C700E25007A64B7 /* SearchViewController.swift in Sources */ = {isa = PBXBuildFile; fileRef = AA6DE97A1C700E25007A64B7 /* SearchViewController.swift */; };
		AA6FC3AF1CBC446C007C56AA /* VideoPageViewController.swift in Sources */ = {isa = PBXBuildFile; fileRef = AA6FC3AE1CBC446C007C56AA /* VideoPageViewController.swift */; };
		AA6FC3B11CBC4509007C56AA /* VideoPage.storyboard in Resources */ = {isa = PBXBuildFile; fileRef = AA6FC3B01CBC4509007C56AA /* VideoPage.storyboard */; };
		AA6FC3B31CBC491E007C56AA /* JamJarAVPlayerViewController.swift in Sources */ = {isa = PBXBuildFile; fileRef = AA6FC3B21CBC491E007C56AA /* JamJarAVPlayerViewController.swift */; };
		AAA824381C7CDA93000D6282 /* UnderlinedTextField.swift in Sources */ = {isa = PBXBuildFile; fileRef = AAA824371C7CDA93000D6282 /* UnderlinedTextField.swift */; };
		AAB62F601CB0603800C6CC15 /* JamJarEdge.swift in Sources */ = {isa = PBXBuildFile; fileRef = AAB62F5F1CB0603800C6CC15 /* JamJarEdge.swift */; };
		AAB62F641CB062D700C6CC15 /* JamJarGraph.swift in Sources */ = {isa = PBXBuildFile; fileRef = AAB62F631CB062D700C6CC15 /* JamJarGraph.swift */; };
		AAB62F681CB06A9A00C6CC15 /* JamJarCell.xib in Resources */ = {isa = PBXBuildFile; fileRef = AAB62F671CB06A9A00C6CC15 /* JamJarCell.xib */; };
		AAB62F6A1CB06AC100C6CC15 /* JamJarCell.swift in Sources */ = {isa = PBXBuildFile; fileRef = AAB62F691CB06AC100C6CC15 /* JamJarCell.swift */; };
		AAB62F6C1CB07F9E00C6CC15 /* JamJarHeaderCell.xib in Resources */ = {isa = PBXBuildFile; fileRef = AAB62F6B1CB07F9E00C6CC15 /* JamJarHeaderCell.xib */; };
		AAB62F6E1CB0800000C6CC15 /* JamJarHeaderCell.swift in Sources */ = {isa = PBXBuildFile; fileRef = AAB62F6D1CB0800000C6CC15 /* JamJarHeaderCell.swift */; };
		AABBF9291C6D057800EB3EC4 /* Discover.storyboard in Resources */ = {isa = PBXBuildFile; fileRef = AABBF9281C6D057800EB3EC4 /* Discover.storyboard */; };
		AAD1E4881C9127DE007A1DB6 /* ConcertService.swift in Sources */ = {isa = PBXBuildFile; fileRef = AAD1E4871C9127DE007A1DB6 /* ConcertService.swift */; };
		AAD1E48A1C912B56007A1DB6 /* Concert.swift in Sources */ = {isa = PBXBuildFile; fileRef = AAD1E4891C912B56007A1DB6 /* Concert.swift */; };
		AAD1E48C1C913694007A1DB6 /* VideoService.swift in Sources */ = {isa = PBXBuildFile; fileRef = AAD1E48B1C913694007A1DB6 /* VideoService.swift */; };
		AAEB3E661BE0478900601B14 /* AppDelegate.swift in Sources */ = {isa = PBXBuildFile; fileRef = AAEB3E651BE0478900601B14 /* AppDelegate.swift */; };
		AAEB3E6B1BE0478900601B14 /* Main.storyboard in Resources */ = {isa = PBXBuildFile; fileRef = AAEB3E691BE0478900601B14 /* Main.storyboard */; };
		AAEB3E6D1BE0478900601B14 /* Assets.xcassets in Resources */ = {isa = PBXBuildFile; fileRef = AAEB3E6C1BE0478900601B14 /* Assets.xcassets */; };
		AAEB3E701BE0478900601B14 /* LaunchScreen.storyboard in Resources */ = {isa = PBXBuildFile; fileRef = AAEB3E6E1BE0478900601B14 /* LaunchScreen.storyboard */; };
/* End PBXBuildFile section */

/* Begin PBXFileReference section */
		30AA73DB1C84E13200CD05F2 /* JamJarTabBarController.swift */ = {isa = PBXFileReference; fileEncoding = 4; lastKnownFileType = sourcecode.swift; path = JamJarTabBarController.swift; sourceTree = "<group>"; };
		30AA73DE1C85091F00CD05F2 /* UITextField.swift */ = {isa = PBXFileReference; fileEncoding = 4; lastKnownFileType = sourcecode.swift; path = UITextField.swift; sourceTree = "<group>"; };
		30AA73E91C8613F900CD05F2 /* ArtistChipView.swift */ = {isa = PBXFileReference; fileEncoding = 4; lastKnownFileType = sourcecode.swift; path = ArtistChipView.swift; sourceTree = "<group>"; };
		30AD45521C9521ED00F999E7 /* ConcertPage.storyboard */ = {isa = PBXFileReference; fileEncoding = 4; lastKnownFileType = file.storyboard; path = ConcertPage.storyboard; sourceTree = "<group>"; };
		30AD45551C95222C00F999E7 /* ConcertPageViewController.swift */ = {isa = PBXFileReference; fileEncoding = 4; lastKnownFileType = sourcecode.swift; path = ConcertPageViewController.swift; sourceTree = "<group>"; };
		30AD45571C95223B00F999E7 /* VideoCell.swift */ = {isa = PBXFileReference; fileEncoding = 4; lastKnownFileType = sourcecode.swift; path = VideoCell.swift; sourceTree = "<group>"; };
		30AD45591C9522D300F999E7 /* VideoCell.xib */ = {isa = PBXFileReference; fileEncoding = 4; lastKnownFileType = file.xib; path = VideoCell.xib; sourceTree = "<group>"; };
		30AD455B1C95230200F999E7 /* ConcertCell.xib */ = {isa = PBXFileReference; fileEncoding = 4; lastKnownFileType = file.xib; path = ConcertCell.xib; sourceTree = "<group>"; };
		30EE7A0B1C9135B600293685 /* DiscoverViewController.swift */ = {isa = PBXFileReference; fileEncoding = 4; lastKnownFileType = sourcecode.swift; path = DiscoverViewController.swift; sourceTree = "<group>"; };
		30EE7A0E1C913D6900293685 /* ConcertCell.swift */ = {isa = PBXFileReference; fileEncoding = 4; lastKnownFileType = sourcecode.swift; path = ConcertCell.swift; sourceTree = "<group>"; };
		30EE7A101C914A5400293685 /* Transforms.swift */ = {isa = PBXFileReference; fileEncoding = 4; lastKnownFileType = sourcecode.swift; path = Transforms.swift; sourceTree = "<group>"; };
		30EE7A121C91554E00293685 /* Date.swift */ = {isa = PBXFileReference; fileEncoding = 4; lastKnownFileType = sourcecode.swift; path = Date.swift; sourceTree = "<group>"; };
		30EE7A141C91606D00293685 /* Colors.swift */ = {isa = PBXFileReference; fileEncoding = 4; lastKnownFileType = sourcecode.swift; path = Colors.swift; sourceTree = "<group>"; };
		30F8E6B71C8E187400A65D99 /* UIImageView.swift */ = {isa = PBXFileReference; fileEncoding = 4; lastKnownFileType = sourcecode.swift; path = UIImageView.swift; sourceTree = "<group>"; };
		30F929AF1C7CD7CE00B3DF2C /* AuthenticationService.swift */ = {isa = PBXFileReference; fileEncoding = 4; lastKnownFileType = sourcecode.swift; path = AuthenticationService.swift; sourceTree = "<group>"; };
		3BCCB9BF3B032F8AE04B9306 /* Pods.release.xcconfig */ = {isa = PBXFileReference; includeInIndex = 1; lastKnownFileType = text.xcconfig; name = Pods.release.xcconfig; path = "Pods/Target Support Files/Pods/Pods.release.xcconfig"; sourceTree = "<group>"; };
		3FA380DFC6FFB8F40D408774 /* Pods.framework */ = {isa = PBXFileReference; explicitFileType = wrapper.framework; includeInIndex = 0; path = Pods.framework; sourceTree = BUILT_PRODUCTS_DIR; };
		AA05269D1C46EE9500894DC7 /* LoginViewController.swift */ = {isa = PBXFileReference; fileEncoding = 4; lastKnownFileType = sourcecode.swift; path = LoginViewController.swift; sourceTree = "<group>"; };
		AA0526A11C46F65500894DC7 /* SignUpViewController.swift */ = {isa = PBXFileReference; fileEncoding = 4; lastKnownFileType = sourcecode.swift; path = SignUpViewController.swift; sourceTree = "<group>"; };
		AA0526A31C46F7A300894DC7 /* ForgetPasswordViewController.swift */ = {isa = PBXFileReference; fileEncoding = 4; lastKnownFileType = sourcecode.swift; path = ForgetPasswordViewController.swift; sourceTree = "<group>"; };
		AA0526A81C47187600894DC7 /* User.swift */ = {isa = PBXFileReference; fileEncoding = 4; lastKnownFileType = sourcecode.swift; path = User.swift; sourceTree = "<group>"; };
		AA0F204D1C5190720099665E /* Comfortaa-Bold.ttf */ = {isa = PBXFileReference; lastKnownFileType = file; path = "Comfortaa-Bold.ttf"; sourceTree = "<group>"; };
		AA0F204E1C5190720099665E /* Comfortaa-Light.ttf */ = {isa = PBXFileReference; lastKnownFileType = file; path = "Comfortaa-Light.ttf"; sourceTree = "<group>"; };
		AA0F204F1C5190720099665E /* Comfortaa-Regular.ttf */ = {isa = PBXFileReference; lastKnownFileType = file; path = "Comfortaa-Regular.ttf"; sourceTree = "<group>"; };
		AA0F20501C5190720099665E /* Muli-Italic.ttf */ = {isa = PBXFileReference; lastKnownFileType = file; path = "Muli-Italic.ttf"; sourceTree = "<group>"; };
		AA0F20511C5190720099665E /* Muli-Light.ttf */ = {isa = PBXFileReference; lastKnownFileType = file; path = "Muli-Light.ttf"; sourceTree = "<group>"; };
		AA0F20521C5190720099665E /* Muli-LightItalic.ttf */ = {isa = PBXFileReference; lastKnownFileType = file; path = "Muli-LightItalic.ttf"; sourceTree = "<group>"; };
		AA0F20531C5190720099665E /* Muli-Regular.ttf */ = {isa = PBXFileReference; lastKnownFileType = file; path = "Muli-Regular.ttf"; sourceTree = "<group>"; };
		AA1037ED1C87AC4E00DCB0B5 /* VenueService.swift */ = {isa = PBXFileReference; fileEncoding = 4; lastKnownFileType = sourcecode.swift; path = VenueService.swift; sourceTree = "<group>"; };
		AA1037EF1C87E12C00DCB0B5 /* ArtistService.swift */ = {isa = PBXFileReference; fileEncoding = 4; lastKnownFileType = sourcecode.swift; path = ArtistService.swift; sourceTree = "<group>"; };
		AA130FFB1C7641B600851AD4 /* AutoCompleteTextField.swift */ = {isa = PBXFileReference; fileEncoding = 4; lastKnownFileType = sourcecode.swift; path = AutoCompleteTextField.swift; sourceTree = "<group>"; };
		AA130FFD1C765B5100851AD4 /* Artist.swift */ = {isa = PBXFileReference; fileEncoding = 4; lastKnownFileType = sourcecode.swift; path = Artist.swift; sourceTree = "<group>"; };
		AA130FFF1C78EAA800851AD4 /* JamJar-Bridging-Header.h */ = {isa = PBXFileReference; lastKnownFileType = sourcecode.c.h; path = "JamJar-Bridging-Header.h"; sourceTree = "<group>"; };
		AA1310041C78F86500851AD4 /* Venue.swift */ = {isa = PBXFileReference; fileEncoding = 4; lastKnownFileType = sourcecode.swift; path = Venue.swift; sourceTree = "<group>"; };
		AA1310061C78FC3800851AD4 /* EnterConcertInformationController.swift */ = {isa = PBXFileReference; fileEncoding = 4; lastKnownFileType = sourcecode.swift; path = EnterConcertInformationController.swift; sourceTree = "<group>"; };
		AA1310081C79012A00851AD4 /* UploadVideoViewController.swift */ = {isa = PBXFileReference; fileEncoding = 4; lastKnownFileType = sourcecode.swift; path = UploadVideoViewController.swift; sourceTree = "<group>"; };
		AA558CCF1BE1D94000D591A8 /* Video.swift */ = {isa = PBXFileReference; fileEncoding = 4; lastKnownFileType = sourcecode.swift; path = Video.swift; sourceTree = "<group>"; };
		AA6DE9611C6D086E007A64B7 /* Search.storyboard */ = {isa = PBXFileReference; fileEncoding = 4; lastKnownFileType = file.storyboard; path = Search.storyboard; sourceTree = "<group>"; };
		AA6DE9651C6FA09C007A64B7 /* APIService.swift */ = {isa = PBXFileReference; fileEncoding = 4; lastKnownFileType = sourcecode.swift; path = APIService.swift; sourceTree = "<group>"; };
		AA6DE9671C6FA34C007A64B7 /* UserService.swift */ = {isa = PBXFileReference; fileEncoding = 4; lastKnownFileType = sourcecode.swift; path = UserService.swift; sourceTree = "<group>"; };
		AA6DE96A1C6FAB5D007A64B7 /* Settings.storyboard */ = {isa = PBXFileReference; fileEncoding = 4; lastKnownFileType = file.storyboard; path = Settings.storyboard; sourceTree = "<group>"; };
		AA6DE96C1C6FADF9007A64B7 /* SettingsViewController.swift */ = {isa = PBXFileReference; fileEncoding = 4; lastKnownFileType = sourcecode.swift; path = SettingsViewController.swift; sourceTree = "<group>"; };
		AA6DE96E1C6FAFFB007A64B7 /* BaseViewController.swift */ = {isa = PBXFileReference; fileEncoding = 4; lastKnownFileType = sourcecode.swift; path = BaseViewController.swift; sourceTree = "<group>"; };
		AA6DE9721C6FD1C4007A64B7 /* UploadVideo.storyboard */ = {isa = PBXFileReference; fileEncoding = 4; lastKnownFileType = file.storyboard; path = UploadVideo.storyboard; sourceTree = "<group>"; };
		AA6DE9741C6FD1D0007A64B7 /* Profile.storyboard */ = {isa = PBXFileReference; fileEncoding = 4; lastKnownFileType = file.storyboard; path = Profile.storyboard; sourceTree = "<group>"; };
		AA6DE97A1C700E25007A64B7 /* SearchViewController.swift */ = {isa = PBXFileReference; fileEncoding = 4; lastKnownFileType = sourcecode.swift; path = SearchViewController.swift; sourceTree = "<group>"; };
		AA6FC3AE1CBC446C007C56AA /* VideoPageViewController.swift */ = {isa = PBXFileReference; fileEncoding = 4; lastKnownFileType = sourcecode.swift; path = VideoPageViewController.swift; sourceTree = "<group>"; };
		AA6FC3B01CBC4509007C56AA /* VideoPage.storyboard */ = {isa = PBXFileReference; fileEncoding = 4; lastKnownFileType = file.storyboard; path = VideoPage.storyboard; sourceTree = "<group>"; };
		AA6FC3B21CBC491E007C56AA /* JamJarAVPlayerViewController.swift */ = {isa = PBXFileReference; fileEncoding = 4; lastKnownFileType = sourcecode.swift; path = JamJarAVPlayerViewController.swift; sourceTree = "<group>"; };
		AAA824371C7CDA93000D6282 /* UnderlinedTextField.swift */ = {isa = PBXFileReference; fileEncoding = 4; lastKnownFileType = sourcecode.swift; path = UnderlinedTextField.swift; sourceTree = "<group>"; };
		AAB62F5F1CB0603800C6CC15 /* JamJarEdge.swift */ = {isa = PBXFileReference; fileEncoding = 4; lastKnownFileType = sourcecode.swift; path = JamJarEdge.swift; sourceTree = "<group>"; };
		AAB62F631CB062D700C6CC15 /* JamJarGraph.swift */ = {isa = PBXFileReference; fileEncoding = 4; lastKnownFileType = sourcecode.swift; path = JamJarGraph.swift; sourceTree = "<group>"; };
		AAB62F671CB06A9A00C6CC15 /* JamJarCell.xib */ = {isa = PBXFileReference; fileEncoding = 4; lastKnownFileType = file.xib; path = JamJarCell.xib; sourceTree = "<group>"; };
		AAB62F691CB06AC100C6CC15 /* JamJarCell.swift */ = {isa = PBXFileReference; fileEncoding = 4; lastKnownFileType = sourcecode.swift; path = JamJarCell.swift; sourceTree = "<group>"; };
		AAB62F6B1CB07F9E00C6CC15 /* JamJarHeaderCell.xib */ = {isa = PBXFileReference; fileEncoding = 4; lastKnownFileType = file.xib; path = JamJarHeaderCell.xib; sourceTree = "<group>"; };
		AAB62F6D1CB0800000C6CC15 /* JamJarHeaderCell.swift */ = {isa = PBXFileReference; fileEncoding = 4; lastKnownFileType = sourcecode.swift; path = JamJarHeaderCell.swift; sourceTree = "<group>"; };
		AABBF9281C6D057800EB3EC4 /* Discover.storyboard */ = {isa = PBXFileReference; fileEncoding = 4; lastKnownFileType = file.storyboard; path = Discover.storyboard; sourceTree = "<group>"; };
		AAD1E4871C9127DE007A1DB6 /* ConcertService.swift */ = {isa = PBXFileReference; fileEncoding = 4; lastKnownFileType = sourcecode.swift; path = ConcertService.swift; sourceTree = "<group>"; };
		AAD1E4891C912B56007A1DB6 /* Concert.swift */ = {isa = PBXFileReference; fileEncoding = 4; lastKnownFileType = sourcecode.swift; path = Concert.swift; sourceTree = "<group>"; };
		AAD1E48B1C913694007A1DB6 /* VideoService.swift */ = {isa = PBXFileReference; fileEncoding = 4; lastKnownFileType = sourcecode.swift; path = VideoService.swift; sourceTree = "<group>"; };
		AAEB3E621BE0478900601B14 /* JamJar.app */ = {isa = PBXFileReference; explicitFileType = wrapper.application; includeInIndex = 0; path = JamJar.app; sourceTree = BUILT_PRODUCTS_DIR; };
		AAEB3E651BE0478900601B14 /* AppDelegate.swift */ = {isa = PBXFileReference; lastKnownFileType = sourcecode.swift; path = AppDelegate.swift; sourceTree = "<group>"; };
		AAEB3E6A1BE0478900601B14 /* Base */ = {isa = PBXFileReference; lastKnownFileType = file.storyboard; name = Base; path = Base.lproj/Main.storyboard; sourceTree = "<group>"; };
		AAEB3E6C1BE0478900601B14 /* Assets.xcassets */ = {isa = PBXFileReference; lastKnownFileType = folder.assetcatalog; path = Assets.xcassets; sourceTree = "<group>"; };
		AAEB3E6F1BE0478900601B14 /* Base */ = {isa = PBXFileReference; lastKnownFileType = file.storyboard; name = Base; path = Base.lproj/LaunchScreen.storyboard; sourceTree = "<group>"; };
		AAEB3E711BE0478900601B14 /* Info.plist */ = {isa = PBXFileReference; lastKnownFileType = text.plist.xml; path = Info.plist; sourceTree = "<group>"; };
		B78057B7B408F0A3D4DC6AE3 /* Pods.debug.xcconfig */ = {isa = PBXFileReference; includeInIndex = 1; lastKnownFileType = text.xcconfig; name = Pods.debug.xcconfig; path = "Pods/Target Support Files/Pods/Pods.debug.xcconfig"; sourceTree = "<group>"; };
/* End PBXFileReference section */

/* Begin PBXFrameworksBuildPhase section */
		AAEB3E5F1BE0478900601B14 /* Frameworks */ = {
			isa = PBXFrameworksBuildPhase;
			buildActionMask = 2147483647;
			files = (
				A4A8E652FD43D88B1DE38D3F /* Pods.framework in Frameworks */,
			);
			runOnlyForDeploymentPostprocessing = 0;
		};
/* End PBXFrameworksBuildPhase section */

/* Begin PBXGroup section */
		30AA73DA1C84DFF100CD05F2 /* Storyboards */ = {
			isa = PBXGroup;
			children = (
				AAEB3E6E1BE0478900601B14 /* LaunchScreen.storyboard */,
				AAEB3E691BE0478900601B14 /* Main.storyboard */,
				AA6DE9741C6FD1D0007A64B7 /* Profile.storyboard */,
				AA6DE9721C6FD1C4007A64B7 /* UploadVideo.storyboard */,
				AABBF9281C6D057800EB3EC4 /* Discover.storyboard */,
				AA6DE9611C6D086E007A64B7 /* Search.storyboard */,
				AA6DE96A1C6FAB5D007A64B7 /* Settings.storyboard */,
				30AD45521C9521ED00F999E7 /* ConcertPage.storyboard */,
				AA6FC3B01CBC4509007C56AA /* VideoPage.storyboard */,
			);
			name = Storyboards;
			sourceTree = "<group>";
		};
		30AA73DD1C85090E00CD05F2 /* Extensions and Utils */ = {
			isa = PBXGroup;
			children = (
				30AA73DE1C85091F00CD05F2 /* UITextField.swift */,
				30F8E6B71C8E187400A65D99 /* UIImageView.swift */,
				30EE7A101C914A5400293685 /* Transforms.swift */,
				30EE7A121C91554E00293685 /* Date.swift */,
				30EE7A141C91606D00293685 /* Colors.swift */,
			);
			name = "Extensions and Utils";
			sourceTree = "<group>";
		};
		30AD45541C95221300F999E7 /* ConcertPage */ = {
			isa = PBXGroup;
			children = (
				30AD45551C95222C00F999E7 /* ConcertPageViewController.swift */,
			);
			name = ConcertPage;
			sourceTree = "<group>";
		};
		30EE7A0D1C913D5100293685 /* TableViewCells */ = {
			isa = PBXGroup;
			children = (
				30EE7A0E1C913D6900293685 /* ConcertCell.swift */,
				30AD455B1C95230200F999E7 /* ConcertCell.xib */,
				30AD45571C95223B00F999E7 /* VideoCell.swift */,
				30AD45591C9522D300F999E7 /* VideoCell.xib */,
				AAB62F691CB06AC100C6CC15 /* JamJarCell.swift */,
				AAB62F671CB06A9A00C6CC15 /* JamJarCell.xib */,
				AAB62F6D1CB0800000C6CC15 /* JamJarHeaderCell.swift */,
				AAB62F6B1CB07F9E00C6CC15 /* JamJarHeaderCell.xib */,
			);
			name = TableViewCells;
			sourceTree = "<group>";
		};
		6A3A1807DF2B9AF8E2CBF4D2 /* Frameworks */ = {
			isa = PBXGroup;
			children = (
				3FA380DFC6FFB8F40D408774 /* Pods.framework */,
			);
			name = Frameworks;
			sourceTree = "<group>";
		};
		AA0526A51C46F7D200894DC7 /* Login */ = {
			isa = PBXGroup;
			children = (
				AA0526A31C46F7A300894DC7 /* ForgetPasswordViewController.swift */,
				AA05269D1C46EE9500894DC7 /* LoginViewController.swift */,
				AA0526A11C46F65500894DC7 /* SignUpViewController.swift */,
			);
			name = Login;
			sourceTree = "<group>";
		};
		AA0F204C1C51905C0099665E /* Fonts */ = {
			isa = PBXGroup;
			children = (
				AA0F204D1C5190720099665E /* Comfortaa-Bold.ttf */,
				AA0F204E1C5190720099665E /* Comfortaa-Light.ttf */,
				AA0F204F1C5190720099665E /* Comfortaa-Regular.ttf */,
				AA0F20501C5190720099665E /* Muli-Italic.ttf */,
				AA0F20511C5190720099665E /* Muli-Light.ttf */,
				AA0F20521C5190720099665E /* Muli-LightItalic.ttf */,
				AA0F20531C5190720099665E /* Muli-Regular.ttf */,
			);
			name = Fonts;
			sourceTree = "<group>";
		};
		AA130FFA1C7641B600851AD4 /* Views */ = {
			isa = PBXGroup;
			children = (
				30EE7A0D1C913D5100293685 /* TableViewCells */,
				AA130FFB1C7641B600851AD4 /* AutoCompleteTextField.swift */,
				AAA824371C7CDA93000D6282 /* UnderlinedTextField.swift */,
				30AA73E91C8613F900CD05F2 /* ArtistChipView.swift */,
			);
			name = Views;
			path = AutoCompleteTextField;
			sourceTree = "<group>";
		};
		AA6DE9601C6D084E007A64B7 /* Search */ = {
			isa = PBXGroup;
			children = (
				AA6DE97A1C700E25007A64B7 /* SearchViewController.swift */,
			);
			name = Search;
			sourceTree = "<group>";
		};
		AA6DE9631C6D0B68007A64B7 /* Models */ = {
			isa = PBXGroup;
			children = (
				AAB62F5E1CB05F9900C6CC15 /* JamJar */,
				AA0526A81C47187600894DC7 /* User.swift */,
				AA558CCF1BE1D94000D591A8 /* Video.swift */,
				AA130FFD1C765B5100851AD4 /* Artist.swift */,
				AA1310041C78F86500851AD4 /* Venue.swift */,
				AAD1E4891C912B56007A1DB6 /* Concert.swift */,
			);
			name = Models;
			sourceTree = "<group>";
		};
		AA6DE9641C6D0DA7007A64B7 /* Services */ = {
			isa = PBXGroup;
			children = (
				AA6DE9651C6FA09C007A64B7 /* APIService.swift */,
				AA6DE9671C6FA34C007A64B7 /* UserService.swift */,
				30F929AF1C7CD7CE00B3DF2C /* AuthenticationService.swift */,
				AA1037ED1C87AC4E00DCB0B5 /* VenueService.swift */,
				AA1037EF1C87E12C00DCB0B5 /* ArtistService.swift */,
				AAD1E4871C9127DE007A1DB6 /* ConcertService.swift */,
				AAD1E48B1C913694007A1DB6 /* VideoService.swift */,
			);
			name = Services;
			sourceTree = "<group>";
		};
		AA6DE9691C6FAAF6007A64B7 /* Settings */ = {
			isa = PBXGroup;
			children = (
				AA6DE96C1C6FADF9007A64B7 /* SettingsViewController.swift */,
			);
			name = Settings;
			sourceTree = "<group>";
		};
		AA6DE9701C6FD17B007A64B7 /* UploadVideo */ = {
			isa = PBXGroup;
			children = (
				AA1310061C78FC3800851AD4 /* EnterConcertInformationController.swift */,
				AA1310081C79012A00851AD4 /* UploadVideoViewController.swift */,
			);
			name = UploadVideo;
			sourceTree = "<group>";
		};
		AA6DE9711C6FD1A5007A64B7 /* Profile */ = {
			isa = PBXGroup;
			children = (
			);
			name = Profile;
			sourceTree = "<group>";
		};
		AA6FC3AD1CBC4442007C56AA /* VideoPage */ = {
			isa = PBXGroup;
			children = (
				AA6FC3AE1CBC446C007C56AA /* VideoPageViewController.swift */,
				AA6FC3B21CBC491E007C56AA /* JamJarAVPlayerViewController.swift */,
			);
			name = VideoPage;
			sourceTree = "<group>";
		};
		AAB62F5E1CB05F9900C6CC15 /* JamJar */ = {
			isa = PBXGroup;
			children = (
				AAB62F5F1CB0603800C6CC15 /* JamJarEdge.swift */,
				AAB62F631CB062D700C6CC15 /* JamJarGraph.swift */,
			);
			name = JamJar;
			sourceTree = "<group>";
		};
		AABBF92A1C6D057F00EB3EC4 /* Discover */ = {
			isa = PBXGroup;
			children = (
				30EE7A0B1C9135B600293685 /* DiscoverViewController.swift */,
			);
			name = Discover;
			sourceTree = "<group>";
		};
		AAEB3E591BE0478900601B14 = {
			isa = PBXGroup;
			children = (
				AAEB3E641BE0478900601B14 /* JamJar */,
				AAEB3E631BE0478900601B14 /* Products */,
				D84E4FAD99483D52BE5ACC56 /* Pods */,
				6A3A1807DF2B9AF8E2CBF4D2 /* Frameworks */,
			);
			sourceTree = "<group>";
		};
		AAEB3E631BE0478900601B14 /* Products */ = {
			isa = PBXGroup;
			children = (
				AAEB3E621BE0478900601B14 /* JamJar.app */,
			);
			name = Products;
			sourceTree = "<group>";
		};
		AAEB3E641BE0478900601B14 /* JamJar */ = {
			isa = PBXGroup;
			children = (
				30AD45541C95221300F999E7 /* ConcertPage */,
				AABBF92A1C6D057F00EB3EC4 /* Discover */,
				30AA73DD1C85090E00CD05F2 /* Extensions and Utils */,
				AA0F204C1C51905C0099665E /* Fonts */,
				AA0526A51C46F7D200894DC7 /* Login */,
				AA6DE9631C6D0B68007A64B7 /* Models */,
				AA6DE9711C6FD1A5007A64B7 /* Profile */,
				AA6DE9601C6D084E007A64B7 /* Search */,
				AA6DE9641C6D0DA7007A64B7 /* Services */,
				AA6DE9691C6FAAF6007A64B7 /* Settings */,
				30AA73DA1C84DFF100CD05F2 /* Storyboards */,
				AA6DE9701C6FD17B007A64B7 /* UploadVideo */,
				AA6FC3AD1CBC4442007C56AA /* VideoPage */,
				AA130FFA1C7641B600851AD4 /* Views */,
				AAEB3E651BE0478900601B14 /* AppDelegate.swift */,
				AAEB3E6C1BE0478900601B14 /* Assets.xcassets */,
				AA6DE96E1C6FAFFB007A64B7 /* BaseViewController.swift */,
				AAEB3E711BE0478900601B14 /* Info.plist */,
				AA130FFF1C78EAA800851AD4 /* JamJar-Bridging-Header.h */,
				30AA73DB1C84E13200CD05F2 /* JamJarTabBarController.swift */,
			);
			path = JamJar;
			sourceTree = "<group>";
		};
		D84E4FAD99483D52BE5ACC56 /* Pods */ = {
			isa = PBXGroup;
			children = (
				B78057B7B408F0A3D4DC6AE3 /* Pods.debug.xcconfig */,
				3BCCB9BF3B032F8AE04B9306 /* Pods.release.xcconfig */,
			);
			name = Pods;
			sourceTree = "<group>";
		};
/* End PBXGroup section */

/* Begin PBXNativeTarget section */
		AAEB3E611BE0478900601B14 /* JamJar */ = {
			isa = PBXNativeTarget;
			buildConfigurationList = AAEB3E741BE0478900601B14 /* Build configuration list for PBXNativeTarget "JamJar" */;
			buildPhases = (
				507C47AE7AD88064508CA0D5 /* Check Pods Manifest.lock */,
				AAEB3E5E1BE0478900601B14 /* Sources */,
				AAEB3E5F1BE0478900601B14 /* Frameworks */,
				AAEB3E601BE0478900601B14 /* Resources */,
				431B9CC358558EAB088F3F1F /* Embed Pods Frameworks */,
				B49D7F1B4DF0CAE800BF022B /* Copy Pods Resources */,
			);
			buildRules = (
			);
			dependencies = (
			);
			name = JamJar;
			productName = JamJar;
			productReference = AAEB3E621BE0478900601B14 /* JamJar.app */;
			productType = "com.apple.product-type.application";
		};
/* End PBXNativeTarget section */

/* Begin PBXProject section */
		AAEB3E5A1BE0478900601B14 /* Project object */ = {
			isa = PBXProject;
			attributes = {
				LastSwiftUpdateCheck = 0720;
				LastUpgradeCheck = 0710;
				ORGANIZATIONNAME = JamJar;
				TargetAttributes = {
					AAEB3E611BE0478900601B14 = {
						CreatedOnToolsVersion = 7.1;
						DevelopmentTeam = S8BP6ZGB2L;
					};
				};
			};
			buildConfigurationList = AAEB3E5D1BE0478900601B14 /* Build configuration list for PBXProject "JamJar" */;
			compatibilityVersion = "Xcode 3.2";
			developmentRegion = English;
			hasScannedForEncodings = 0;
			knownRegions = (
				en,
				Base,
			);
			mainGroup = AAEB3E591BE0478900601B14;
			productRefGroup = AAEB3E631BE0478900601B14 /* Products */;
			projectDirPath = "";
			projectRoot = "";
			targets = (
				AAEB3E611BE0478900601B14 /* JamJar */,
			);
		};
/* End PBXProject section */

/* Begin PBXResourcesBuildPhase section */
		AAEB3E601BE0478900601B14 /* Resources */ = {
			isa = PBXResourcesBuildPhase;
			buildActionMask = 2147483647;
			files = (
				30EE7A041C8F4B5B00293685 /* Comfortaa-Bold.ttf in Resources */,
				30EE7A051C8F4B5B00293685 /* Comfortaa-Light.ttf in Resources */,
				30EE7A061C8F4B5B00293685 /* Comfortaa-Regular.ttf in Resources */,
				30EE7A071C8F4B5B00293685 /* Muli-Italic.ttf in Resources */,
				30EE7A081C8F4B5B00293685 /* Muli-Light.ttf in Resources */,
				30EE7A091C8F4B5B00293685 /* Muli-LightItalic.ttf in Resources */,
				30EE7A0A1C8F4B5B00293685 /* Muli-Regular.ttf in Resources */,
				AAEB3E701BE0478900601B14 /* LaunchScreen.storyboard in Resources */,
				AA6DE9731C6FD1C4007A64B7 /* UploadVideo.storyboard in Resources */,
				30AD455A1C9522D300F999E7 /* VideoCell.xib in Resources */,
				AA6DE9751C6FD1D0007A64B7 /* Profile.storyboard in Resources */,
				AAB62F6C1CB07F9E00C6CC15 /* JamJarHeaderCell.xib in Resources */,
				AABBF9291C6D057800EB3EC4 /* Discover.storyboard in Resources */,
				30AD455C1C95230200F999E7 /* ConcertCell.xib in Resources */,
				AAEB3E6D1BE0478900601B14 /* Assets.xcassets in Resources */,
				AA6DE96B1C6FAB5D007A64B7 /* Settings.storyboard in Resources */,
				AAB62F681CB06A9A00C6CC15 /* JamJarCell.xib in Resources */,
				AAEB3E6B1BE0478900601B14 /* Main.storyboard in Resources */,
				30AD45531C9521ED00F999E7 /* ConcertPage.storyboard in Resources */,
				AA6FC3B11CBC4509007C56AA /* VideoPage.storyboard in Resources */,
				AA6DE9621C6D086E007A64B7 /* Search.storyboard in Resources */,
			);
			runOnlyForDeploymentPostprocessing = 0;
		};
/* End PBXResourcesBuildPhase section */

/* Begin PBXShellScriptBuildPhase section */
		431B9CC358558EAB088F3F1F /* Embed Pods Frameworks */ = {
			isa = PBXShellScriptBuildPhase;
			buildActionMask = 2147483647;
			files = (
			);
			inputPaths = (
			);
			name = "Embed Pods Frameworks";
			outputPaths = (
			);
			runOnlyForDeploymentPostprocessing = 0;
			shellPath = /bin/sh;
			shellScript = "\"${SRCROOT}/Pods/Target Support Files/Pods/Pods-frameworks.sh\"\n";
			showEnvVarsInLog = 0;
		};
		507C47AE7AD88064508CA0D5 /* Check Pods Manifest.lock */ = {
			isa = PBXShellScriptBuildPhase;
			buildActionMask = 2147483647;
			files = (
			);
			inputPaths = (
			);
			name = "Check Pods Manifest.lock";
			outputPaths = (
			);
			runOnlyForDeploymentPostprocessing = 0;
			shellPath = /bin/sh;
			shellScript = "diff \"${PODS_ROOT}/../Podfile.lock\" \"${PODS_ROOT}/Manifest.lock\" > /dev/null\nif [[ $? != 0 ]] ; then\n    cat << EOM\nerror: The sandbox is not in sync with the Podfile.lock. Run 'pod install' or update your CocoaPods installation.\nEOM\n    exit 1\nfi\n";
			showEnvVarsInLog = 0;
		};
		B49D7F1B4DF0CAE800BF022B /* Copy Pods Resources */ = {
			isa = PBXShellScriptBuildPhase;
			buildActionMask = 2147483647;
			files = (
			);
			inputPaths = (
			);
			name = "Copy Pods Resources";
			outputPaths = (
			);
			runOnlyForDeploymentPostprocessing = 0;
			shellPath = /bin/sh;
			shellScript = "\"${SRCROOT}/Pods/Target Support Files/Pods/Pods-resources.sh\"\n";
			showEnvVarsInLog = 0;
		};
/* End PBXShellScriptBuildPhase section */

/* Begin PBXSourcesBuildPhase section */
		AAEB3E5E1BE0478900601B14 /* Sources */ = {
			isa = PBXSourcesBuildPhase;
			buildActionMask = 2147483647;
			files = (
				AAB62F641CB062D700C6CC15 /* JamJarGraph.swift in Sources */,
				AA1310071C78FC3800851AD4 /* EnterConcertInformationController.swift in Sources */,
				AAB62F601CB0603800C6CC15 /* JamJarEdge.swift in Sources */,
				AA6DE97B1C700E25007A64B7 /* SearchViewController.swift in Sources */,
				AA130FFC1C7641B600851AD4 /* AutoCompleteTextField.swift in Sources */,
				AA6DE96F1C6FAFFB007A64B7 /* BaseViewController.swift in Sources */,
				30EE7A0F1C913D6900293685 /* ConcertCell.swift in Sources */,
				AA05269E1C46EE9500894DC7 /* LoginViewController.swift in Sources */,
				AA0526A21C46F65500894DC7 /* SignUpViewController.swift in Sources */,
				AA6FC3B31CBC491E007C56AA /* JamJarAVPlayerViewController.swift in Sources */,
				AA1037F01C87E12C00DCB0B5 /* ArtistService.swift in Sources */,
				AA6DE9661C6FA09C007A64B7 /* APIService.swift in Sources */,
				30AA73DF1C85091F00CD05F2 /* UITextField.swift in Sources */,
				AA558CD01BE1D94000D591A8 /* Video.swift in Sources */,
				AAD1E48A1C912B56007A1DB6 /* Concert.swift in Sources */,
				AAEB3E661BE0478900601B14 /* AppDelegate.swift in Sources */,
				AA6FC3AF1CBC446C007C56AA /* VideoPageViewController.swift in Sources */,
				30F8E6B81C8E187400A65D99 /* UIImageView.swift in Sources */,
				AA6DE9681C6FA34C007A64B7 /* UserService.swift in Sources */,
				AA0526A41C46F7A300894DC7 /* ForgetPasswordViewController.swift in Sources */,
				30AA73EA1C8613F900CD05F2 /* ArtistChipView.swift in Sources */,
				AA1310051C78F86500851AD4 /* Venue.swift in Sources */,
				AA1310091C79012A00851AD4 /* UploadVideoViewController.swift in Sources */,
				30AA73DC1C84E13200CD05F2 /* JamJarTabBarController.swift in Sources */,
				30EE7A111C914A5400293685 /* Transforms.swift in Sources */,
				30AD45561C95222C00F999E7 /* ConcertPageViewController.swift in Sources */,
				AAD1E48C1C913694007A1DB6 /* VideoService.swift in Sources */,
				AAA824381C7CDA93000D6282 /* UnderlinedTextField.swift in Sources */,
				AA1037EE1C87AC4E00DCB0B5 /* VenueService.swift in Sources */,
				AAB62F6E1CB0800000C6CC15 /* JamJarHeaderCell.swift in Sources */,
				30AD45581C95223B00F999E7 /* VideoCell.swift in Sources */,
				AA6DE96D1C6FADF9007A64B7 /* SettingsViewController.swift in Sources */,
				30EE7A151C91606D00293685 /* Colors.swift in Sources */,
				AA130FFE1C765B5100851AD4 /* Artist.swift in Sources */,
				AA0526A91C47187600894DC7 /* User.swift in Sources */,
				30EE7A131C91554E00293685 /* Date.swift in Sources */,
				AAD1E4881C9127DE007A1DB6 /* ConcertService.swift in Sources */,
				30F929B01C7CD7CE00B3DF2C /* AuthenticationService.swift in Sources */,
				30EE7A0C1C9135B600293685 /* DiscoverViewController.swift in Sources */,
				AAB62F6A1CB06AC100C6CC15 /* JamJarCell.swift in Sources */,
			);
			runOnlyForDeploymentPostprocessing = 0;
		};
/* End PBXSourcesBuildPhase section */

/* Begin PBXVariantGroup section */
		AAEB3E691BE0478900601B14 /* Main.storyboard */ = {
			isa = PBXVariantGroup;
			children = (
				AAEB3E6A1BE0478900601B14 /* Base */,
			);
			name = Main.storyboard;
			sourceTree = "<group>";
		};
		AAEB3E6E1BE0478900601B14 /* LaunchScreen.storyboard */ = {
			isa = PBXVariantGroup;
			children = (
				AAEB3E6F1BE0478900601B14 /* Base */,
			);
			name = LaunchScreen.storyboard;
			sourceTree = "<group>";
		};
/* End PBXVariantGroup section */

/* Begin XCBuildConfiguration section */
		AAEB3E721BE0478900601B14 /* Debug */ = {
			isa = XCBuildConfiguration;
			buildSettings = {
				ALWAYS_SEARCH_USER_PATHS = NO;
				CLANG_CXX_LANGUAGE_STANDARD = "gnu++0x";
				CLANG_CXX_LIBRARY = "libc++";
				CLANG_ENABLE_MODULES = YES;
				CLANG_ENABLE_OBJC_ARC = YES;
				CLANG_WARN_BOOL_CONVERSION = YES;
				CLANG_WARN_CONSTANT_CONVERSION = YES;
				CLANG_WARN_DIRECT_OBJC_ISA_USAGE = YES_ERROR;
				CLANG_WARN_EMPTY_BODY = YES;
				CLANG_WARN_ENUM_CONVERSION = YES;
				CLANG_WARN_INT_CONVERSION = YES;
				CLANG_WARN_OBJC_ROOT_CLASS = YES_ERROR;
				CLANG_WARN_UNREACHABLE_CODE = YES;
				CLANG_WARN__DUPLICATE_METHOD_MATCH = YES;
				"CODE_SIGN_IDENTITY[sdk=iphoneos*]" = "iPhone Developer";
				COPY_PHASE_STRIP = NO;
				DEBUG_INFORMATION_FORMAT = dwarf;
				ENABLE_STRICT_OBJC_MSGSEND = YES;
				ENABLE_TESTABILITY = YES;
				GCC_C_LANGUAGE_STANDARD = gnu99;
				GCC_DYNAMIC_NO_PIC = NO;
				GCC_NO_COMMON_BLOCKS = YES;
				GCC_OPTIMIZATION_LEVEL = 0;
				GCC_PREPROCESSOR_DEFINITIONS = (
					"DEBUG=1",
					"$(inherited)",
				);
				GCC_WARN_64_TO_32_BIT_CONVERSION = YES;
				GCC_WARN_ABOUT_RETURN_TYPE = YES_ERROR;
				GCC_WARN_UNDECLARED_SELECTOR = YES;
				GCC_WARN_UNINITIALIZED_AUTOS = YES_AGGRESSIVE;
				GCC_WARN_UNUSED_FUNCTION = YES;
				GCC_WARN_UNUSED_VARIABLE = YES;
				IPHONEOS_DEPLOYMENT_TARGET = 9.1;
				MTL_ENABLE_DEBUG_INFO = YES;
				ONLY_ACTIVE_ARCH = YES;
				SDKROOT = iphoneos;
				SWIFT_OPTIMIZATION_LEVEL = "-Onone";
				TARGETED_DEVICE_FAMILY = "1,2";
			};
			name = Debug;
		};
		AAEB3E731BE0478900601B14 /* Release */ = {
			isa = XCBuildConfiguration;
			buildSettings = {
				ALWAYS_SEARCH_USER_PATHS = NO;
				CLANG_CXX_LANGUAGE_STANDARD = "gnu++0x";
				CLANG_CXX_LIBRARY = "libc++";
				CLANG_ENABLE_MODULES = YES;
				CLANG_ENABLE_OBJC_ARC = YES;
				CLANG_WARN_BOOL_CONVERSION = YES;
				CLANG_WARN_CONSTANT_CONVERSION = YES;
				CLANG_WARN_DIRECT_OBJC_ISA_USAGE = YES_ERROR;
				CLANG_WARN_EMPTY_BODY = YES;
				CLANG_WARN_ENUM_CONVERSION = YES;
				CLANG_WARN_INT_CONVERSION = YES;
				CLANG_WARN_OBJC_ROOT_CLASS = YES_ERROR;
				CLANG_WARN_UNREACHABLE_CODE = YES;
				CLANG_WARN__DUPLICATE_METHOD_MATCH = YES;
				"CODE_SIGN_IDENTITY[sdk=iphoneos*]" = "iPhone Developer";
				COPY_PHASE_STRIP = NO;
				DEBUG_INFORMATION_FORMAT = "dwarf-with-dsym";
				ENABLE_NS_ASSERTIONS = NO;
				ENABLE_STRICT_OBJC_MSGSEND = YES;
				GCC_C_LANGUAGE_STANDARD = gnu99;
				GCC_NO_COMMON_BLOCKS = YES;
				GCC_WARN_64_TO_32_BIT_CONVERSION = YES;
				GCC_WARN_ABOUT_RETURN_TYPE = YES_ERROR;
				GCC_WARN_UNDECLARED_SELECTOR = YES;
				GCC_WARN_UNINITIALIZED_AUTOS = YES_AGGRESSIVE;
				GCC_WARN_UNUSED_FUNCTION = YES;
				GCC_WARN_UNUSED_VARIABLE = YES;
				IPHONEOS_DEPLOYMENT_TARGET = 9.1;
				MTL_ENABLE_DEBUG_INFO = NO;
				SDKROOT = iphoneos;
				TARGETED_DEVICE_FAMILY = "1,2";
				VALIDATE_PRODUCT = YES;
			};
			name = Release;
		};
		AAEB3E751BE0478900601B14 /* Debug */ = {
			isa = XCBuildConfiguration;
			baseConfigurationReference = B78057B7B408F0A3D4DC6AE3 /* Pods.debug.xcconfig */;
			buildSettings = {
				ASSETCATALOG_COMPILER_APPICON_NAME = AppIcon;
				CLANG_ENABLE_MODULES = YES;
				CODE_SIGN_IDENTITY = "iPhone Developer";
				"CODE_SIGN_IDENTITY[sdk=iphoneos*]" = "iPhone Developer";
				INFOPLIST_FILE = JamJar/Info.plist;
				LD_RUNPATH_SEARCH_PATHS = "$(inherited) @executable_path/Frameworks";
				PRODUCT_BUNDLE_IDENTIFIER = com.jamjar.JamJar;
				PRODUCT_NAME = "$(TARGET_NAME)";
				PROVISIONING_PROFILE = "";
				SWIFT_OBJC_BRIDGING_HEADER = "JamJar/JamJar-Bridging-Header.h";
				SWIFT_OPTIMIZATION_LEVEL = "-Onone";
			};
			name = Debug;
		};
		AAEB3E761BE0478900601B14 /* Release */ = {
			isa = XCBuildConfiguration;
			baseConfigurationReference = 3BCCB9BF3B032F8AE04B9306 /* Pods.release.xcconfig */;
			buildSettings = {
				ASSETCATALOG_COMPILER_APPICON_NAME = AppIcon;
				CLANG_ENABLE_MODULES = YES;
				CODE_SIGN_IDENTITY = "iPhone Developer";
				"CODE_SIGN_IDENTITY[sdk=iphoneos*]" = "iPhone Developer";
				INFOPLIST_FILE = JamJar/Info.plist;
				LD_RUNPATH_SEARCH_PATHS = "$(inherited) @executable_path/Frameworks";
				PRODUCT_BUNDLE_IDENTIFIER = com.jamjar.JamJar;
				PRODUCT_NAME = "$(TARGET_NAME)";
				PROVISIONING_PROFILE = "";
				SWIFT_OBJC_BRIDGING_HEADER = "JamJar/JamJar-Bridging-Header.h";
			};
			name = Release;
		};
/* End XCBuildConfiguration section */

/* Begin XCConfigurationList section */
		AAEB3E5D1BE0478900601B14 /* Build configuration list for PBXProject "JamJar" */ = {
			isa = XCConfigurationList;
			buildConfigurations = (
				AAEB3E721BE0478900601B14 /* Debug */,
				AAEB3E731BE0478900601B14 /* Release */,
			);
			defaultConfigurationIsVisible = 0;
			defaultConfigurationName = Release;
		};
		AAEB3E741BE0478900601B14 /* Build configuration list for PBXNativeTarget "JamJar" */ = {
			isa = XCConfigurationList;
			buildConfigurations = (
				AAEB3E751BE0478900601B14 /* Debug */,
				AAEB3E761BE0478900601B14 /* Release */,
			);
			defaultConfigurationIsVisible = 0;
			defaultConfigurationName = Release;
		};
/* End XCConfigurationList section */
	};
	rootObject = AAEB3E5A1BE0478900601B14 /* Project object */;
}
